
Microsoft Visual Studio Solution File, Format Version 12.00
# Visual Studio Version 17
VisualStudioVersion = 17.14.36408.4
MinimumVisualStudioVersion = 10.0.40219.1
Project("{8BC9CEB8-8B4A-11D0-8D11-00A0C91BC942}") = "Sem1", "Sem1.vcxproj", "{55EEDE48-9B62-4FFD-AAA8-D236E1B4FB1F}"
EndProject
Project("{8BC9CEB8-8B4A-11D0-8D11-00A0C91BC942}") = "Pract1", "..\Pract1\Pract1.vcxproj", "{6B91FF80-3552-4AD6-8201-79944DFE241F}"
EndProject
Project("{2150E333-8FDC-42A3-9474-1A3956D46DE8}") = "Seminars", "Seminars", "{02EA681E-C7D8-13C7-8484-4AC65E1B71E8}"
EndProject
Project("{8BC9CEB8-8B4A-11D0-8D11-00A0C91BC942}") = "Sem2", "..\Sem2\Sem2.vcxproj", "{48A9FFD9-1008-44B1-A3FD-648F62AF1C6E}"
EndProject
Project("{2150E333-8FDC-42A3-9474-1A3956D46DE8}") = "Practicums", "Practicums", "{6E1B8BA9-1225-4D15-846A-BE59AA0AEE66}"
EndProject
Project("{8BC9CEB8-8B4A-11D0-8D11-00A0C91BC942}") = "Pract2", "..\Pract2\Pract2.vcxproj", "{373B9810-7746-4B2D-992B-A2855B48BCE5}"
EndProject
Project("{8BC9CEB8-8B4A-11D0-8D11-00A0C91BC942}") = "Sem3", "..\Sem3\Sem3.vcxproj", "{2D25F9C3-7FE4-4345-A658-8DAC00534695}"
EndProject
Project("{8BC9CEB8-8B4A-11D0-8D11-00A0C91BC942}") = "Pract3", "..\Pract3\Pract3.vcxproj", "{E2174096-0F82-4286-B0A4-F5CD6A5C90D7}"
EndProject
Project("{8BC9CEB8-8B4A-11D0-8D11-00A0C91BC942}") = "Sem4", "..\Sem4\Sem4.vcxproj", "{7A1BD193-F638-43EF-B66C-14AF268896B7}"
EndProject
Project("{8BC9CEB8-8B4A-11D0-8D11-00A0C91BC942}") = "Pract4", "..\Pract4\Pract4.vcxproj", "{A9E4F213-DC2A-4CEE-8C9C-A48106F767B5}"
EndProject
Project("{8BC9CEB8-8B4A-11D0-8D11-00A0C91BC942}") = "Arrays", "..\Sem5\Arrays\Arrays.vcxproj", "{46DA30D4-5E52-4F5A-A222-6EEA70EBD334}"
EndProject
Project("{2150E333-8FDC-42A3-9474-1A3956D46DE8}") = "Sem5", "Sem5", "{AC059822-5952-47FE-88C6-4108E59D5D1A}"
EndProject
Project("{8BC9CEB8-8B4A-11D0-8D11-00A0C91BC942}") = "Matrices", "..\Sem5\Matrices\Matrices.vcxproj", "{06E4589A-CB43-4930-8965-A813771D0C5F}"
EndProject
Project("{8BC9CEB8-8B4A-11D0-8D11-00A0C91BC942}") = "Array-Exercise", "..\Pract5\Array-Exercise\Array-Exercise.vcxproj", "{F8C9B012-FF9C-4D85-9405-37715344CB10}"
EndProject
Project("{2150E333-8FDC-42A3-9474-1A3956D46DE8}") = "Pract5", "Pract5", "{51BF8CFB-0B03-4555-93B2-271C8CFB9C5E}"
EndProject
Project("{8BC9CEB8-8B4A-11D0-8D11-00A0C91BC942}") = "Matrices-Exercise", "..\Matrices-Exercise\Matrices-Exercise.vcxproj", "{A620AA24-643E-4D32-AF8B-071FF407BA46}"
EndProject
Project("{8BC9CEB8-8B4A-11D0-8D11-00A0C91BC942}") = "Pract6", "..\Pract6\Pract6.vcxproj", "{6AE9CF0B-E69A-4882-9481-4431A0E39708}"
EndProject
Project("{8BC9CEB8-8B4A-11D0-8D11-00A0C91BC942}") = "BitwiseOperations", "..\BitwiseOperations\BitwiseOperations.vcxproj", "{6A7AC2DE-75C8-45B9-9CBC-64BDCE3D3F61}"
EndProject
Project("{2150E333-8FDC-42A3-9474-1A3956D46DE8}") = "Sem6", "Sem6", "{668DFCE9-A8B6-4DCF-B686-C93C4907C4E3}"
EndProject
Project("{2150E333-8FDC-42A3-9474-1A3956D46DE8}") = "Sem8", "Sem8", "{DE7607DB-928F-483A-AEA7-7C74CAB5CCA2}"
EndProject
Project("{8BC9CEB8-8B4A-11D0-8D11-00A0C91BC942}") = "CharArrays", "..\CharArrays\CharArrays.vcxproj", "{96929D53-F62B-4B20-B389-258E02AB8EEA}"
EndProject
Project("{8BC9CEB8-8B4A-11D0-8D11-00A0C91BC942}") = "Pract7", "..\Pract7\Pract7.vcxproj", "{4B69F4FB-2326-46A8-ADC4-65676F2A21C2}"
EndProject
Project("{8BC9CEB8-8B4A-11D0-8D11-00A0C91BC942}") = "Sem9", "..\Sem9\Sem9.vcxproj", "{44009644-8E9E-481B-B56B-86D9B7E66956}"
EndProject
Project("{2150E333-8FDC-42A3-9474-1A3956D46DE8}") = "Sem10", "Sem10", "{B6791A63-6B87-4893-9C7E-508B6E330EA7}"
EndProject
Project("{8BC9CEB8-8B4A-11D0-8D11-00A0C91BC942}") = "DynamicMemory", "..\DynamicMemory\DynamicMemory.vcxproj", "{7A307FCD-6E26-4F76-B93E-F9C92B3241A5}"
EndProject
Project("{2150E333-8FDC-42A3-9474-1A3956D46DE8}") = "ExamPreps", "ExamPreps", "{7A546173-A7DA-4AD9-83F5-DBA8697C3FDD}"
EndProject
Project("{8BC9CEB8-8B4A-11D0-8D11-00A0C91BC942}") = "Prep1", "..\ExamPreps\2025\Prep1\Prep1.vcxproj", "{A7418998-59AC-4735-BF62-6D355F666CFD}"
EndProject
Project("{2150E333-8FDC-42A3-9474-1A3956D46DE8}") = "2025", "2025", "{DA9A7BFC-59B9-46CD-9EE5-D4CCD3F266DC}"
EndProject
Global
	GlobalSection(SolutionConfigurationPlatforms) = preSolution
		Debug|x64 = Debug|x64
		Debug|x86 = Debug|x86
		Release|x64 = Release|x64
		Release|x86 = Release|x86
	EndGlobalSection
	GlobalSection(ProjectConfigurationPlatforms) = postSolution
		{55EEDE48-9B62-4FFD-AAA8-D236E1B4FB1F}.Debug|x64.ActiveCfg = Debug|x64
		{55EEDE48-9B62-4FFD-AAA8-D236E1B4FB1F}.Debug|x64.Build.0 = Debug|x64
		{55EEDE48-9B62-4FFD-AAA8-D236E1B4FB1F}.Debug|x86.ActiveCfg = Debug|Win32
		{55EEDE48-9B62-4FFD-AAA8-D236E1B4FB1F}.Debug|x86.Build.0 = Debug|Win32
		{55EEDE48-9B62-4FFD-AAA8-D236E1B4FB1F}.Release|x64.ActiveCfg = Release|x64
		{55EEDE48-9B62-4FFD-AAA8-D236E1B4FB1F}.Release|x64.Build.0 = Release|x64
		{55EEDE48-9B62-4FFD-AAA8-D236E1B4FB1F}.Release|x86.ActiveCfg = Release|Win32
		{55EEDE48-9B62-4FFD-AAA8-D236E1B4FB1F}.Release|x86.Build.0 = Release|Win32
		{6B91FF80-3552-4AD6-8201-79944DFE241F}.Debug|x64.ActiveCfg = Debug|x64
		{6B91FF80-3552-4AD6-8201-79944DFE241F}.Debug|x64.Build.0 = Debug|x64
		{6B91FF80-3552-4AD6-8201-79944DFE241F}.Debug|x86.ActiveCfg = Debug|Win32
		{6B91FF80-3552-4AD6-8201-79944DFE241F}.Debug|x86.Build.0 = Debug|Win32
		{6B91FF80-3552-4AD6-8201-79944DFE241F}.Release|x64.ActiveCfg = Release|x64
		{6B91FF80-3552-4AD6-8201-79944DFE241F}.Release|x64.Build.0 = Release|x64
		{6B91FF80-3552-4AD6-8201-79944DFE241F}.Release|x86.ActiveCfg = Release|Win32
		{6B91FF80-3552-4AD6-8201-79944DFE241F}.Release|x86.Build.0 = Release|Win32
		{48A9FFD9-1008-44B1-A3FD-648F62AF1C6E}.Debug|x64.ActiveCfg = Debug|x64
		{48A9FFD9-1008-44B1-A3FD-648F62AF1C6E}.Debug|x64.Build.0 = Debug|x64
		{48A9FFD9-1008-44B1-A3FD-648F62AF1C6E}.Debug|x86.ActiveCfg = Debug|Win32
		{48A9FFD9-1008-44B1-A3FD-648F62AF1C6E}.Debug|x86.Build.0 = Debug|Win32
		{48A9FFD9-1008-44B1-A3FD-648F62AF1C6E}.Release|x64.ActiveCfg = Release|x64
		{48A9FFD9-1008-44B1-A3FD-648F62AF1C6E}.Release|x64.Build.0 = Release|x64
		{48A9FFD9-1008-44B1-A3FD-648F62AF1C6E}.Release|x86.ActiveCfg = Release|Win32
		{48A9FFD9-1008-44B1-A3FD-648F62AF1C6E}.Release|x86.Build.0 = Release|Win32
		{373B9810-7746-4B2D-992B-A2855B48BCE5}.Debug|x64.ActiveCfg = Debug|x64
		{373B9810-7746-4B2D-992B-A2855B48BCE5}.Debug|x64.Build.0 = Debug|x64
		{373B9810-7746-4B2D-992B-A2855B48BCE5}.Debug|x86.ActiveCfg = Debug|Win32
		{373B9810-7746-4B2D-992B-A2855B48BCE5}.Debug|x86.Build.0 = Debug|Win32
		{373B9810-7746-4B2D-992B-A2855B48BCE5}.Release|x64.ActiveCfg = Release|x64
		{373B9810-7746-4B2D-992B-A2855B48BCE5}.Release|x64.Build.0 = Release|x64
		{373B9810-7746-4B2D-992B-A2855B48BCE5}.Release|x86.ActiveCfg = Release|Win32
		{373B9810-7746-4B2D-992B-A2855B48BCE5}.Release|x86.Build.0 = Release|Win32
		{2D25F9C3-7FE4-4345-A658-8DAC00534695}.Debug|x64.ActiveCfg = Debug|x64
		{2D25F9C3-7FE4-4345-A658-8DAC00534695}.Debug|x64.Build.0 = Debug|x64
		{2D25F9C3-7FE4-4345-A658-8DAC00534695}.Debug|x86.ActiveCfg = Debug|Win32
		{2D25F9C3-7FE4-4345-A658-8DAC00534695}.Debug|x86.Build.0 = Debug|Win32
		{2D25F9C3-7FE4-4345-A658-8DAC00534695}.Release|x64.ActiveCfg = Release|x64
		{2D25F9C3-7FE4-4345-A658-8DAC00534695}.Release|x64.Build.0 = Release|x64
		{2D25F9C3-7FE4-4345-A658-8DAC00534695}.Release|x86.ActiveCfg = Release|Win32
		{2D25F9C3-7FE4-4345-A658-8DAC00534695}.Release|x86.Build.0 = Release|Win32
		{E2174096-0F82-4286-B0A4-F5CD6A5C90D7}.Debug|x64.ActiveCfg = Debug|x64
		{E2174096-0F82-4286-B0A4-F5CD6A5C90D7}.Debug|x64.Build.0 = Debug|x64
		{E2174096-0F82-4286-B0A4-F5CD6A5C90D7}.Debug|x86.ActiveCfg = Debug|Win32
		{E2174096-0F82-4286-B0A4-F5CD6A5C90D7}.Debug|x86.Build.0 = Debug|Win32
		{E2174096-0F82-4286-B0A4-F5CD6A5C90D7}.Release|x64.ActiveCfg = Release|x64
		{E2174096-0F82-4286-B0A4-F5CD6A5C90D7}.Release|x64.Build.0 = Release|x64
		{E2174096-0F82-4286-B0A4-F5CD6A5C90D7}.Release|x86.ActiveCfg = Release|Win32
		{E2174096-0F82-4286-B0A4-F5CD6A5C90D7}.Release|x86.Build.0 = Release|Win32
		{7A1BD193-F638-43EF-B66C-14AF268896B7}.Debug|x64.ActiveCfg = Debug|x64
		{7A1BD193-F638-43EF-B66C-14AF268896B7}.Debug|x64.Build.0 = Debug|x64
		{7A1BD193-F638-43EF-B66C-14AF268896B7}.Debug|x86.ActiveCfg = Debug|Win32
		{7A1BD193-F638-43EF-B66C-14AF268896B7}.Debug|x86.Build.0 = Debug|Win32
		{7A1BD193-F638-43EF-B66C-14AF268896B7}.Release|x64.ActiveCfg = Release|x64
		{7A1BD193-F638-43EF-B66C-14AF268896B7}.Release|x64.Build.0 = Release|x64
		{7A1BD193-F638-43EF-B66C-14AF268896B7}.Release|x86.ActiveCfg = Release|Win32
		{7A1BD193-F638-43EF-B66C-14AF268896B7}.Release|x86.Build.0 = Release|Win32
		{A9E4F213-DC2A-4CEE-8C9C-A48106F767B5}.Debug|x64.ActiveCfg = Debug|x64
		{A9E4F213-DC2A-4CEE-8C9C-A48106F767B5}.Debug|x64.Build.0 = Debug|x64
		{A9E4F213-DC2A-4CEE-8C9C-A48106F767B5}.Debug|x86.ActiveCfg = Debug|Win32
		{A9E4F213-DC2A-4CEE-8C9C-A48106F767B5}.Debug|x86.Build.0 = Debug|Win32
		{A9E4F213-DC2A-4CEE-8C9C-A48106F767B5}.Release|x64.ActiveCfg = Release|x64
		{A9E4F213-DC2A-4CEE-8C9C-A48106F767B5}.Release|x64.Build.0 = Release|x64
		{A9E4F213-DC2A-4CEE-8C9C-A48106F767B5}.Release|x86.ActiveCfg = Release|Win32
		{A9E4F213-DC2A-4CEE-8C9C-A48106F767B5}.Release|x86.Build.0 = Release|Win32
		{46DA30D4-5E52-4F5A-A222-6EEA70EBD334}.Debug|x64.ActiveCfg = Debug|x64
		{46DA30D4-5E52-4F5A-A222-6EEA70EBD334}.Debug|x64.Build.0 = Debug|x64
		{46DA30D4-5E52-4F5A-A222-6EEA70EBD334}.Debug|x86.ActiveCfg = Debug|Win32
		{46DA30D4-5E52-4F5A-A222-6EEA70EBD334}.Debug|x86.Build.0 = Debug|Win32
		{46DA30D4-5E52-4F5A-A222-6EEA70EBD334}.Release|x64.ActiveCfg = Release|x64
		{46DA30D4-5E52-4F5A-A222-6EEA70EBD334}.Release|x64.Build.0 = Release|x64
		{46DA30D4-5E52-4F5A-A222-6EEA70EBD334}.Release|x86.ActiveCfg = Release|Win32
		{46DA30D4-5E52-4F5A-A222-6EEA70EBD334}.Release|x86.Build.0 = Release|Win32
		{06E4589A-CB43-4930-8965-A813771D0C5F}.Debug|x64.ActiveCfg = Debug|x64
		{06E4589A-CB43-4930-8965-A813771D0C5F}.Debug|x64.Build.0 = Debug|x64
		{06E4589A-CB43-4930-8965-A813771D0C5F}.Debug|x86.ActiveCfg = Debug|Win32
		{06E4589A-CB43-4930-8965-A813771D0C5F}.Debug|x86.Build.0 = Debug|Win32
		{06E4589A-CB43-4930-8965-A813771D0C5F}.Release|x64.ActiveCfg = Release|x64
		{06E4589A-CB43-4930-8965-A813771D0C5F}.Release|x64.Build.0 = Release|x64
		{06E4589A-CB43-4930-8965-A813771D0C5F}.Release|x86.ActiveCfg = Release|Win32
		{06E4589A-CB43-4930-8965-A813771D0C5F}.Release|x86.Build.0 = Release|Win32
		{F8C9B012-FF9C-4D85-9405-37715344CB10}.Debug|x64.ActiveCfg = Debug|x64
		{F8C9B012-FF9C-4D85-9405-37715344CB10}.Debug|x64.Build.0 = Debug|x64
		{F8C9B012-FF9C-4D85-9405-37715344CB10}.Debug|x86.ActiveCfg = Debug|Win32
		{F8C9B012-FF9C-4D85-9405-37715344CB10}.Debug|x86.Build.0 = Debug|Win32
		{F8C9B012-FF9C-4D85-9405-37715344CB10}.Release|x64.ActiveCfg = Release|x64
		{F8C9B012-FF9C-4D85-9405-37715344CB10}.Release|x64.Build.0 = Release|x64
		{F8C9B012-FF9C-4D85-9405-37715344CB10}.Release|x86.ActiveCfg = Release|Win32
		{F8C9B012-FF9C-4D85-9405-37715344CB10}.Release|x86.Build.0 = Release|Win32
		{A620AA24-643E-4D32-AF8B-071FF407BA46}.Debug|x64.ActiveCfg = Debug|x64
		{A620AA24-643E-4D32-AF8B-071FF407BA46}.Debug|x64.Build.0 = Debug|x64
		{A620AA24-643E-4D32-AF8B-071FF407BA46}.Debug|x86.ActiveCfg = Debug|Win32
		{A620AA24-643E-4D32-AF8B-071FF407BA46}.Debug|x86.Build.0 = Debug|Win32
		{A620AA24-643E-4D32-AF8B-071FF407BA46}.Release|x64.ActiveCfg = Release|x64
		{A620AA24-643E-4D32-AF8B-071FF407BA46}.Release|x64.Build.0 = Release|x64
		{A620AA24-643E-4D32-AF8B-071FF407BA46}.Release|x86.ActiveCfg = Release|Win32
		{A620AA24-643E-4D32-AF8B-071FF407BA46}.Release|x86.Build.0 = Release|Win32
		{6AE9CF0B-E69A-4882-9481-4431A0E39708}.Debug|x64.ActiveCfg = Debug|x64
		{6AE9CF0B-E69A-4882-9481-4431A0E39708}.Debug|x64.Build.0 = Debug|x64
		{6AE9CF0B-E69A-4882-9481-4431A0E39708}.Debug|x86.ActiveCfg = Debug|Win32
		{6AE9CF0B-E69A-4882-9481-4431A0E39708}.Debug|x86.Build.0 = Debug|Win32
		{6AE9CF0B-E69A-4882-9481-4431A0E39708}.Release|x64.ActiveCfg = Release|x64
		{6AE9CF0B-E69A-4882-9481-4431A0E39708}.Release|x64.Build.0 = Release|x64
		{6AE9CF0B-E69A-4882-9481-4431A0E39708}.Release|x86.ActiveCfg = Release|Win32
		{6AE9CF0B-E69A-4882-9481-4431A0E39708}.Release|x86.Build.0 = Release|Win32
		{6A7AC2DE-75C8-45B9-9CBC-64BDCE3D3F61}.Debug|x64.ActiveCfg = Debug|x64
		{6A7AC2DE-75C8-45B9-9CBC-64BDCE3D3F61}.Debug|x64.Build.0 = Debug|x64
		{6A7AC2DE-75C8-45B9-9CBC-64BDCE3D3F61}.Debug|x86.ActiveCfg = Debug|Win32
		{6A7AC2DE-75C8-45B9-9CBC-64BDCE3D3F61}.Debug|x86.Build.0 = Debug|Win32
		{6A7AC2DE-75C8-45B9-9CBC-64BDCE3D3F61}.Release|x64.ActiveCfg = Release|x64
		{6A7AC2DE-75C8-45B9-9CBC-64BDCE3D3F61}.Release|x64.Build.0 = Release|x64
		{6A7AC2DE-75C8-45B9-9CBC-64BDCE3D3F61}.Release|x86.ActiveCfg = Release|Win32
		{6A7AC2DE-75C8-45B9-9CBC-64BDCE3D3F61}.Release|x86.Build.0 = Release|Win32
		{96929D53-F62B-4B20-B389-258E02AB8EEA}.Debug|x64.ActiveCfg = Debug|x64
		{96929D53-F62B-4B20-B389-258E02AB8EEA}.Debug|x64.Build.0 = Debug|x64
		{96929D53-F62B-4B20-B389-258E02AB8EEA}.Debug|x86.ActiveCfg = Debug|Win32
		{96929D53-F62B-4B20-B389-258E02AB8EEA}.Debug|x86.Build.0 = Debug|Win32
		{96929D53-F62B-4B20-B389-258E02AB8EEA}.Release|x64.ActiveCfg = Release|x64
		{96929D53-F62B-4B20-B389-258E02AB8EEA}.Release|x64.Build.0 = Release|x64
		{96929D53-F62B-4B20-B389-258E02AB8EEA}.Release|x86.ActiveCfg = Release|Win32
		{96929D53-F62B-4B20-B389-258E02AB8EEA}.Release|x86.Build.0 = Release|Win32
		{4B69F4FB-2326-46A8-ADC4-65676F2A21C2}.Debug|x64.ActiveCfg = Debug|x64
		{4B69F4FB-2326-46A8-ADC4-65676F2A21C2}.Debug|x64.Build.0 = Debug|x64
		{4B69F4FB-2326-46A8-ADC4-65676F2A21C2}.Debug|x86.ActiveCfg = Debug|Win32
		{4B69F4FB-2326-46A8-ADC4-65676F2A21C2}.Debug|x86.Build.0 = Debug|Win32
		{4B69F4FB-2326-46A8-ADC4-65676F2A21C2}.Release|x64.ActiveCfg = Release|x64
		{4B69F4FB-2326-46A8-ADC4-65676F2A21C2}.Release|x64.Build.0 = Release|x64
		{4B69F4FB-2326-46A8-ADC4-65676F2A21C2}.Release|x86.ActiveCfg = Release|Win32
		{4B69F4FB-2326-46A8-ADC4-65676F2A21C2}.Release|x86.Build.0 = Release|Win32
		{44009644-8E9E-481B-B56B-86D9B7E66956}.Debug|x64.ActiveCfg = Debug|x64
		{44009644-8E9E-481B-B56B-86D9B7E66956}.Debug|x64.Build.0 = Debug|x64
		{44009644-8E9E-481B-B56B-86D9B7E66956}.Debug|x86.ActiveCfg = Debug|Win32
		{44009644-8E9E-481B-B56B-86D9B7E66956}.Debug|x86.Build.0 = Debug|Win32
		{44009644-8E9E-481B-B56B-86D9B7E66956}.Release|x64.ActiveCfg = Release|x64
		{44009644-8E9E-481B-B56B-86D9B7E66956}.Release|x64.Build.0 = Release|x64
		{44009644-8E9E-481B-B56B-86D9B7E66956}.Release|x86.ActiveCfg = Release|Win32
		{44009644-8E9E-481B-B56B-86D9B7E66956}.Release|x86.Build.0 = Release|Win32
		{7A307FCD-6E26-4F76-B93E-F9C92B3241A5}.Debug|x64.ActiveCfg = Debug|x64
		{7A307FCD-6E26-4F76-B93E-F9C92B3241A5}.Debug|x64.Build.0 = Debug|x64
		{7A307FCD-6E26-4F76-B93E-F9C92B3241A5}.Debug|x86.ActiveCfg = Debug|Win32
		{7A307FCD-6E26-4F76-B93E-F9C92B3241A5}.Debug|x86.Build.0 = Debug|Win32
		{7A307FCD-6E26-4F76-B93E-F9C92B3241A5}.Release|x64.ActiveCfg = Release|x64
		{7A307FCD-6E26-4F76-B93E-F9C92B3241A5}.Release|x64.Build.0 = Release|x64
		{7A307FCD-6E26-4F76-B93E-F9C92B3241A5}.Release|x86.ActiveCfg = Release|Win32
		{7A307FCD-6E26-4F76-B93E-F9C92B3241A5}.Release|x86.Build.0 = Release|Win32
		{A7418998-59AC-4735-BF62-6D355F666CFD}.Debug|x64.ActiveCfg = Debug|x64
		{A7418998-59AC-4735-BF62-6D355F666CFD}.Debug|x64.Build.0 = Debug|x64
		{A7418998-59AC-4735-BF62-6D355F666CFD}.Debug|x86.ActiveCfg = Debug|Win32
		{A7418998-59AC-4735-BF62-6D355F666CFD}.Debug|x86.Build.0 = Debug|Win32
		{A7418998-59AC-4735-BF62-6D355F666CFD}.Release|x64.ActiveCfg = Release|x64
		{A7418998-59AC-4735-BF62-6D355F666CFD}.Release|x64.Build.0 = Release|x64
		{A7418998-59AC-4735-BF62-6D355F666CFD}.Release|x86.ActiveCfg = Release|Win32
		{A7418998-59AC-4735-BF62-6D355F666CFD}.Release|x86.Build.0 = Release|Win32
	EndGlobalSection
	GlobalSection(SolutionProperties) = preSolution
		HideSolutionNode = FALSE
	EndGlobalSection
	GlobalSection(NestedProjects) = preSolution
		{55EEDE48-9B62-4FFD-AAA8-D236E1B4FB1F} = {02EA681E-C7D8-13C7-8484-4AC65E1B71E8}
		{6B91FF80-3552-4AD6-8201-79944DFE241F} = {6E1B8BA9-1225-4D15-846A-BE59AA0AEE66}
		{48A9FFD9-1008-44B1-A3FD-648F62AF1C6E} = {02EA681E-C7D8-13C7-8484-4AC65E1B71E8}
		{373B9810-7746-4B2D-992B-A2855B48BCE5} = {6E1B8BA9-1225-4D15-846A-BE59AA0AEE66}
		{2D25F9C3-7FE4-4345-A658-8DAC00534695} = {02EA681E-C7D8-13C7-8484-4AC65E1B71E8}
		{E2174096-0F82-4286-B0A4-F5CD6A5C90D7} = {6E1B8BA9-1225-4D15-846A-BE59AA0AEE66}
		{7A1BD193-F638-43EF-B66C-14AF268896B7} = {02EA681E-C7D8-13C7-8484-4AC65E1B71E8}
		{A9E4F213-DC2A-4CEE-8C9C-A48106F767B5} = {6E1B8BA9-1225-4D15-846A-BE59AA0AEE66}
		{46DA30D4-5E52-4F5A-A222-6EEA70EBD334} = {AC059822-5952-47FE-88C6-4108E59D5D1A}
		{AC059822-5952-47FE-88C6-4108E59D5D1A} = {02EA681E-C7D8-13C7-8484-4AC65E1B71E8}
		{06E4589A-CB43-4930-8965-A813771D0C5F} = {AC059822-5952-47FE-88C6-4108E59D5D1A}
		{F8C9B012-FF9C-4D85-9405-37715344CB10} = {51BF8CFB-0B03-4555-93B2-271C8CFB9C5E}
		{51BF8CFB-0B03-4555-93B2-271C8CFB9C5E} = {6E1B8BA9-1225-4D15-846A-BE59AA0AEE66}
		{A620AA24-643E-4D32-AF8B-071FF407BA46} = {51BF8CFB-0B03-4555-93B2-271C8CFB9C5E}
		{6AE9CF0B-E69A-4882-9481-4431A0E39708} = {6E1B8BA9-1225-4D15-846A-BE59AA0AEE66}
		{6A7AC2DE-75C8-45B9-9CBC-64BDCE3D3F61} = {668DFCE9-A8B6-4DCF-B686-C93C4907C4E3}
		{668DFCE9-A8B6-4DCF-B686-C93C4907C4E3} = {02EA681E-C7D8-13C7-8484-4AC65E1B71E8}
		{DE7607DB-928F-483A-AEA7-7C74CAB5CCA2} = {02EA681E-C7D8-13C7-8484-4AC65E1B71E8}
		{96929D53-F62B-4B20-B389-258E02AB8EEA} = {DE7607DB-928F-483A-AEA7-7C74CAB5CCA2}
		{4B69F4FB-2326-46A8-ADC4-65676F2A21C2} = {6E1B8BA9-1225-4D15-846A-BE59AA0AEE66}
		{44009644-8E9E-481B-B56B-86D9B7E66956} = {02EA681E-C7D8-13C7-8484-4AC65E1B71E8}
		{B6791A63-6B87-4893-9C7E-508B6E330EA7} = {02EA681E-C7D8-13C7-8484-4AC65E1B71E8}
		{7A307FCD-6E26-4F76-B93E-F9C92B3241A5} = {B6791A63-6B87-4893-9C7E-508B6E330EA7}
		{A7418998-59AC-4735-BF62-6D355F666CFD} = {DA9A7BFC-59B9-46CD-9EE5-D4CCD3F266DC}
		{DA9A7BFC-59B9-46CD-9EE5-D4CCD3F266DC} = {7A546173-A7DA-4AD9-83F5-DBA8697C3FDD}
	EndGlobalSection
	GlobalSection(ExtensibilityGlobals) = postSolution
		SolutionGuid = {D3F6C8E3-8C05-4A01-9276-1BB7206E674E}
	EndGlobalSection
EndGlobal
